
Microsoft Visual Studio Solution File, Format Version 12.00
# Visual Studio Version 16
VisualStudioVersion = 16.0.29920.165
MinimumVisualStudioVersion = 10.0.40219.1
Project("{FAE04EC0-301F-11D3-BF4B-00C04F79EFBC}") = "ReView", "ReView.csproj", "{FAEF590E-D829-44B5-817F-91A454628E2A}"
EndProject
Global
	GlobalSection(SolutionConfigurationPlatforms) = preSolution
		Debug|Any CPU = Debug|Any CPU
		Release|Any CPU = Release|Any CPU
	EndGlobalSection
	GlobalSection(ProjectConfigurationPlatforms) = postSolution
		{FAEF590E-D829-44B5-817F-91A454628E2A}.Debug|Any CPU.ActiveCfg = Debug|Any CPU
		{FAEF590E-D829-44B5-817F-91A454628E2A}.Debug|Any CPU.Build.0 = Debug|Any CPU
		{FAEF590E-D829-44B5-817F-91A454628E2A}.Release|Any CPU.ActiveCfg = Release|Any CPU
		{FAEF590E-D829-44B5-817F-91A454628E2A}.Release|Any CPU.Build.0 = Release|Any CPU
	EndGlobalSection
	GlobalSection(SolutionProperties) = preSolution
		HideSolutionNode = FALSE
	EndGlobalSection
	GlobalSection(ExtensibilityGlobals) = postSolution
		SolutionGuid = {3BD2B1DD-FF2E-4EA6-8936-B0F94DA24367}
	EndGlobalSection
EndGlobal
